
Microsoft Visual Studio Solution File, Format Version 12.00
# Visual Studio Version 16
VisualStudioVersion = 16.0.810.9
MinimumVisualStudioVersion = 10.0.40219.1
Project("{FAE04EC0-301F-11D3-BF4B-00C04F79EFBC}") = "FoosballScraper", "FoosballScraper\FoosballScraper.csproj", "{08DAB54B-78C6-4FEA-B8A5-2138ABB14EF2}"
EndProject
Project("{FAE04EC0-301F-11D3-BF4B-00C04F79EFBC}") = "Database", "Database\Database.csproj", "{79D42761-E24A-4485-91DB-B60E232B7255}"
EndProject
Project("{FAE04EC0-301F-11D3-BF4B-00C04F79EFBC}") = "FoosballApi", "FoosballApi\FoosballApi.csproj", "{94B04E5A-9B12-44C7-9AD0-B36F0454FBE9}"
EndProject
Global
	GlobalSection(SolutionConfigurationPlatforms) = preSolution
		Debug|Any CPU = Debug|Any CPU
		Release|Any CPU = Release|Any CPU
	EndGlobalSection
	GlobalSection(ProjectConfigurationPlatforms) = postSolution
		{08DAB54B-78C6-4FEA-B8A5-2138ABB14EF2}.Debug|Any CPU.ActiveCfg = Debug|Any CPU
		{08DAB54B-78C6-4FEA-B8A5-2138ABB14EF2}.Debug|Any CPU.Build.0 = Debug|Any CPU
		{08DAB54B-78C6-4FEA-B8A5-2138ABB14EF2}.Release|Any CPU.ActiveCfg = Release|Any CPU
		{08DAB54B-78C6-4FEA-B8A5-2138ABB14EF2}.Release|Any CPU.Build.0 = Release|Any CPU
		{79D42761-E24A-4485-91DB-B60E232B7255}.Debug|Any CPU.ActiveCfg = Debug|Any CPU
		{79D42761-E24A-4485-91DB-B60E232B7255}.Debug|Any CPU.Build.0 = Debug|Any CPU
		{79D42761-E24A-4485-91DB-B60E232B7255}.Release|Any CPU.ActiveCfg = Release|Any CPU
		{79D42761-E24A-4485-91DB-B60E232B7255}.Release|Any CPU.Build.0 = Release|Any CPU
		{94B04E5A-9B12-44C7-9AD0-B36F0454FBE9}.Debug|Any CPU.ActiveCfg = Debug|Any CPU
		{94B04E5A-9B12-44C7-9AD0-B36F0454FBE9}.Debug|Any CPU.Build.0 = Debug|Any CPU
		{94B04E5A-9B12-44C7-9AD0-B36F0454FBE9}.Release|Any CPU.ActiveCfg = Release|Any CPU
		{94B04E5A-9B12-44C7-9AD0-B36F0454FBE9}.Release|Any CPU.Build.0 = Release|Any CPU
	EndGlobalSection
	GlobalSection(SolutionProperties) = preSolution
		HideSolutionNode = FALSE
	EndGlobalSection
	GlobalSection(ExtensibilityGlobals) = postSolution
		SolutionGuid = {F52A12D8-0B1A-488F-A98A-06894594901E}
	EndGlobalSection
EndGlobal
